
Microsoft Visual Studio Solution File, Format Version 12.00
# Visual Studio Version 17
VisualStudioVersion = 17.6.33723.286
MinimumVisualStudioVersion = 10.0.40219.1
Project("{FAE04EC0-301F-11D3-BF4B-00C04F79EFBC}") = "RealEstateAgencyL3", "RealEstateAgencyL3.csproj", "{FA963EE3-73DF-49DC-89B5-D364175BD1EA}"
EndProject
Global
	GlobalSection(SolutionConfigurationPlatforms) = preSolution
		Debug|Any CPU = Debug|Any CPU
		Release|Any CPU = Release|Any CPU
	EndGlobalSection
	GlobalSection(ProjectConfigurationPlatforms) = postSolution
		{FA963EE3-73DF-49DC-89B5-D364175BD1EA}.Debug|Any CPU.ActiveCfg = Debug|Any CPU
		{FA963EE3-73DF-49DC-89B5-D364175BD1EA}.Debug|Any CPU.Build.0 = Debug|Any CPU
		{FA963EE3-73DF-49DC-89B5-D364175BD1EA}.Release|Any CPU.ActiveCfg = Release|Any CPU
		{FA963EE3-73DF-49DC-89B5-D364175BD1EA}.Release|Any CPU.Build.0 = Release|Any CPU
	EndGlobalSection
	GlobalSection(SolutionProperties) = preSolution
		HideSolutionNode = FALSE
	EndGlobalSection
	GlobalSection(ExtensibilityGlobals) = postSolution
		SolutionGuid = {42423565-694F-4335-999B-2FFA9E2AB435}
	EndGlobalSection
EndGlobal
